
Microsoft Visual Studio Solution File, Format Version 12.00
# Visual Studio 15
VisualStudioVersion = 15.0.27130.2024
MinimumVisualStudioVersion = 10.0.40219.1
Project("{FAE04EC0-301F-11D3-BF4B-00C04F79EFBC}") = "WindowsFormsApp1", "WindowsFormsApp1\WindowsFormsApp1.csproj", "{EACF7C93-EAC7-4E28-9CA7-491C3A497807}"
EndProject
Global
	GlobalSection(SolutionConfigurationPlatforms) = preSolution
		Debug|Any CPU = Debug|Any CPU
		Release|Any CPU = Release|Any CPU
	EndGlobalSection
	GlobalSection(ProjectConfigurationPlatforms) = postSolution
		{EACF7C93-EAC7-4E28-9CA7-491C3A497807}.Debug|Any CPU.ActiveCfg = Debug|Any CPU
		{EACF7C93-EAC7-4E28-9CA7-491C3A497807}.Debug|Any CPU.Build.0 = Debug|Any CPU
		{EACF7C93-EAC7-4E28-9CA7-491C3A497807}.Release|Any CPU.ActiveCfg = Release|Any CPU
		{EACF7C93-EAC7-4E28-9CA7-491C3A497807}.Release|Any CPU.Build.0 = Release|Any CPU
	EndGlobalSection
	GlobalSection(SolutionProperties) = preSolution
		HideSolutionNode = FALSE
	EndGlobalSection
	GlobalSection(ExtensibilityGlobals) = postSolution
		SolutionGuid = {ADA26992-E015-4A23-A8EC-F63FA4DD7760}
	EndGlobalSection
EndGlobal
